
Microsoft Visual Studio Solution File, Format Version 12.00
# Visual Studio Version 16
VisualStudioVersion = 16.0.29709.97
MinimumVisualStudioVersion = 10.0.40219.1
Project("{FAE04EC0-301F-11D3-BF4B-00C04F79EFBC}") = "HappyTravelTest", "HappyTravelTest.csproj", "{B66472E5-1B72-4F02-A06D-3F7FB558B74F}"
EndProject
Global
	GlobalSection(SolutionConfigurationPlatforms) = preSolution
		Debug|Any CPU = Debug|Any CPU
		Release|Any CPU = Release|Any CPU
	EndGlobalSection
	GlobalSection(ProjectConfigurationPlatforms) = postSolution
		{B66472E5-1B72-4F02-A06D-3F7FB558B74F}.Debug|Any CPU.ActiveCfg = Debug|Any CPU
		{B66472E5-1B72-4F02-A06D-3F7FB558B74F}.Debug|Any CPU.Build.0 = Debug|Any CPU
		{B66472E5-1B72-4F02-A06D-3F7FB558B74F}.Release|Any CPU.ActiveCfg = Release|Any CPU
		{B66472E5-1B72-4F02-A06D-3F7FB558B74F}.Release|Any CPU.Build.0 = Release|Any CPU
	EndGlobalSection
	GlobalSection(SolutionProperties) = preSolution
		HideSolutionNode = FALSE
	EndGlobalSection
	GlobalSection(ExtensibilityGlobals) = postSolution
		SolutionGuid = {8AA638D7-0C90-4C59-8786-C0DBDE2903A2}
	EndGlobalSection
EndGlobal
